// !$*UTF8*$!
{
	archiveVersion = 1;
	classes = {
	};
	objectVersion = 51;
	objects = {

/* Begin PBXBuildFile section */
		D47CDF8F22446B2800710EFF /* RVS_ParseXMLDuration.swift in Sources */ = {isa = PBXBuildFile; fileRef = D4D3306F22441B56003F9CC6 /* RVS_ParseXMLDuration.swift */; };
		D4D3306922441AB8003F9CC6 /* RVS_ParseXMLDurationTests.swift in Sources */ = {isa = PBXBuildFile; fileRef = D4D3306822441AB8003F9CC6 /* RVS_ParseXMLDurationTests.swift */; };
		D4D3307022441B56003F9CC6 /* RVS_ParseXMLDuration.swift in Sources */ = {isa = PBXBuildFile; fileRef = D4D3306F22441B56003F9CC6 /* RVS_ParseXMLDuration.swift */; };
		D4D41B6D249E4285000F4E78 /* main.swift in Sources */ = {isa = PBXBuildFile; fileRef = D4D3305B22441A8E003F9CC6 /* main.swift */; };
/* End PBXBuildFile section */

/* Begin PBXFileReference section */
		D40668B2249567C400A092BE /* Warnings.xcconfig */ = {isa = PBXFileReference; fileEncoding = 4; lastKnownFileType = text.xcconfig; name = Warnings.xcconfig; path = "Project-Meta/Warnings.xcconfig"; sourceTree = "<group>"; };
		D4D3305822441A8E003F9CC6 /* RVS_ParseXMLDuration */ = {isa = PBXFileReference; explicitFileType = "compiled.mach-o.executable"; includeInIndex = 0; path = RVS_ParseXMLDuration; sourceTree = BUILT_PRODUCTS_DIR; };
		D4D3305B22441A8E003F9CC6 /* main.swift */ = {isa = PBXFileReference; lastKnownFileType = sourcecode.swift; path = main.swift; sourceTree = "<group>"; };
		D4D3306622441AB8003F9CC6 /* RVS_ParseXMLDurationTests.xctest */ = {isa = PBXFileReference; explicitFileType = wrapper.cfbundle; includeInIndex = 0; path = RVS_ParseXMLDurationTests.xctest; sourceTree = BUILT_PRODUCTS_DIR; };
		D4D3306822441AB8003F9CC6 /* RVS_ParseXMLDurationTests.swift */ = {isa = PBXFileReference; lastKnownFileType = sourcecode.swift; path = RVS_ParseXMLDurationTests.swift; sourceTree = "<group>"; };
		D4D3306A22441AB8003F9CC6 /* Info.plist */ = {isa = PBXFileReference; lastKnownFileType = text.plist.xml; path = Info.plist; sourceTree = "<group>"; };
		D4D3306F22441B56003F9CC6 /* RVS_ParseXMLDuration.swift */ = {isa = PBXFileReference; fileEncoding = 4; lastKnownFileType = sourcecode.swift; path = RVS_ParseXMLDuration.swift; sourceTree = "<group>"; };
/* End PBXFileReference section */

/* Begin PBXGroup section */
		D40668B1249567B700A092BE /* meta */ = {
			isa = PBXGroup;
			children = (
				D40668B2249567C400A092BE /* Warnings.xcconfig */,
			);
			name = meta;
			sourceTree = "<group>";
		};
		D4B23B5E24D59AC300CA7AD8 /* Sources */ = {
			isa = PBXGroup;
			children = (
				D4D3305A22441A8E003F9CC6 /* RVS_ParseXMLDuration */,
			);
			path = Sources;
			sourceTree = "<group>";
		};
		D4B23B5F24D59ACE00CA7AD8 /* Tests */ = {
			isa = PBXGroup;
			children = (
				D4D3305B22441A8E003F9CC6 /* main.swift */,
				D4D3306A22441AB8003F9CC6 /* Info.plist */,
				D4D3306722441AB8003F9CC6 /* RVS_ParseXMLDurationTests */,
			);
			path = Tests;
			sourceTree = "<group>";
		};
		D4D3304F22441A8E003F9CC6 = {
			isa = PBXGroup;
			children = (
				D4B23B5E24D59AC300CA7AD8 /* Sources */,
				D4B23B5F24D59ACE00CA7AD8 /* Tests */,
				D40668B1249567B700A092BE /* meta */,
				D4D3305922441A8E003F9CC6 /* Products */,
			);
			sourceTree = "<group>";
		};
		D4D3305922441A8E003F9CC6 /* Products */ = {
			isa = PBXGroup;
			children = (
				D4D3305822441A8E003F9CC6 /* RVS_ParseXMLDuration */,
				D4D3306622441AB8003F9CC6 /* RVS_ParseXMLDurationTests.xctest */,
			);
			name = Products;
			sourceTree = "<group>";
		};
		D4D3305A22441A8E003F9CC6 /* RVS_ParseXMLDuration */ = {
			isa = PBXGroup;
			children = (
				D4D3306F22441B56003F9CC6 /* RVS_ParseXMLDuration.swift */,
			);
			path = RVS_ParseXMLDuration;
			sourceTree = "<group>";
		};
		D4D3306722441AB8003F9CC6 /* RVS_ParseXMLDurationTests */ = {
			isa = PBXGroup;
			children = (
				D4D3306822441AB8003F9CC6 /* RVS_ParseXMLDurationTests.swift */,
			);
			path = RVS_ParseXMLDurationTests;
			sourceTree = "<group>";
		};
/* End PBXGroup section */

/* Begin PBXNativeTarget section */
		D4D3305722441A8E003F9CC6 /* RVS_ParseXMLDuration */ = {
			isa = PBXNativeTarget;
			buildConfigurationList = D4D3305F22441A8E003F9CC6 /* Build configuration list for PBXNativeTarget "RVS_ParseXMLDuration" */;
			buildPhases = (
				75CA9AAF1BB1F3E7C1E43CE6 /* SwiftLINT */,
				D4D3305422441A8E003F9CC6 /* Sources */,
			);
			buildRules = (
			);
			dependencies = (
			);
			name = RVS_ParseXMLDuration;
			productName = RVS_ParseXMLDuration;
			productReference = D4D3305822441A8E003F9CC6 /* RVS_ParseXMLDuration */;
			productType = "com.apple.product-type.tool";
		};
		D4D3306522441AB8003F9CC6 /* RVS_ParseXMLDurationTests */ = {
			isa = PBXNativeTarget;
			buildConfigurationList = D4D3306B22441AB8003F9CC6 /* Build configuration list for PBXNativeTarget "RVS_ParseXMLDurationTests" */;
			buildPhases = (
				D4D3306222441AB8003F9CC6 /* Sources */,
			);
			buildRules = (
			);
			dependencies = (
			);
			name = RVS_ParseXMLDurationTests;
			productName = RVS_ParseXMLDurationTests;
			productReference = D4D3306622441AB8003F9CC6 /* RVS_ParseXMLDurationTests.xctest */;
			productType = "com.apple.product-type.bundle.unit-test";
		};
/* End PBXNativeTarget section */

/* Begin PBXProject section */
		D4D3305022441A8E003F9CC6 /* Project object */ = {
			isa = PBXProject;
			attributes = {
				LastSwiftUpdateCheck = 1010;
				LastUpgradeCheck = 1250;
				ORGANIZATIONNAME = "The Great Rift Valley Software Company";
				TargetAttributes = {
					D4D3305722441A8E003F9CC6 = {
						CreatedOnToolsVersion = 10.1;
						LastSwiftMigration = 1020;
					};
					D4D3306522441AB8003F9CC6 = {
						CreatedOnToolsVersion = 10.1;
						LastSwiftMigration = 1020;
					};
				};
			};
			buildConfigurationList = D4D3305322441A8E003F9CC6 /* Build configuration list for PBXProject "RVS_ParseXMLDuration" */;
			compatibilityVersion = "Xcode 10.0";
			developmentRegion = en;
			hasScannedForEncodings = 0;
			knownRegions = (
				en,
				Base,
			);
			mainGroup = D4D3304F22441A8E003F9CC6;
			productRefGroup = D4D3305922441A8E003F9CC6 /* Products */;
			projectDirPath = "";
			projectRoot = "";
			targets = (
				D4D3305722441A8E003F9CC6 /* RVS_ParseXMLDuration */,
				D4D3306522441AB8003F9CC6 /* RVS_ParseXMLDurationTests */,
			);
		};
/* End PBXProject section */

/* Begin PBXShellScriptBuildPhase section */
		75CA9AAF1BB1F3E7C1E43CE6 /* SwiftLINT */ = {
			isa = PBXShellScriptBuildPhase;
			buildActionMask = 2147483647;
			files = (
			);
			inputFileListPaths = (
			);
			inputPaths = (
				"${PODS_PODFILE_DIR_PATH}/Podfile.lock",
				"${PODS_ROOT}/Manifest.lock",
			);
			name = SwiftLINT;
			outputFileListPaths = (
			);
			outputPaths = (
				"$(DERIVED_FILE_DIR)/Pods-RVS_ParseXMLDuration-checkManifestLockResult.txt",
			);
			runOnlyForDeploymentPostprocessing = 0;
			shellPath = /bin/sh;
			shellScript = "if test -f \"${PROJECT_DIR}/Project-Meta/SwiftLint/swiftlint\"; then\n    \"${PROJECT_DIR}/Project-Meta/SwiftLint/swiftlint\"\nfi\n";
			showEnvVarsInLog = 0;
		};
/* End PBXShellScriptBuildPhase section */

/* Begin PBXSourcesBuildPhase section */
		D4D3305422441A8E003F9CC6 /* Sources */ = {
			isa = PBXSourcesBuildPhase;
			buildActionMask = 2147483647;
			files = (
				D4D41B6D249E4285000F4E78 /* main.swift in Sources */,
				D4D3307022441B56003F9CC6 /* RVS_ParseXMLDuration.swift in Sources */,
			);
			runOnlyForDeploymentPostprocessing = 0;
		};
		D4D3306222441AB8003F9CC6 /* Sources */ = {
			isa = PBXSourcesBuildPhase;
			buildActionMask = 2147483647;
			files = (
				D4D3306922441AB8003F9CC6 /* RVS_ParseXMLDurationTests.swift in Sources */,
				D47CDF8F22446B2800710EFF /* RVS_ParseXMLDuration.swift in Sources */,
			);
			runOnlyForDeploymentPostprocessing = 0;
		};
/* End PBXSourcesBuildPhase section */

/* Begin XCBuildConfiguration section */
		D4D3305D22441A8E003F9CC6 /* Debug */ = {
			isa = XCBuildConfiguration;
			baseConfigurationReference = D40668B2249567C400A092BE /* Warnings.xcconfig */;
			buildSettings = {
				ALWAYS_EMBED_SWIFT_STANDARD_LIBRARIES = YES;
				ALWAYS_SEARCH_USER_PATHS = NO;
				CLANG_ANALYZER_NONNULL = YES;
				CLANG_ANALYZER_NUMBER_OBJECT_CONVERSION = YES_AGGRESSIVE;
				CLANG_CXX_LANGUAGE_STANDARD = "gnu++14";
				CLANG_CXX_LIBRARY = "libc++";
				CLANG_ENABLE_MODULES = YES;
				CLANG_ENABLE_OBJC_ARC = YES;
				CLANG_ENABLE_OBJC_WEAK = YES;
				CLANG_WARN_BLOCK_CAPTURE_AUTORELEASING = YES;
				CLANG_WARN_BOOL_CONVERSION = YES;
				CLANG_WARN_COMMA = YES;
				CLANG_WARN_CONSTANT_CONVERSION = YES;
				CLANG_WARN_DEPRECATED_OBJC_IMPLEMENTATIONS = YES;
				CLANG_WARN_DIRECT_OBJC_ISA_USAGE = YES_ERROR;
				CLANG_WARN_DOCUMENTATION_COMMENTS = YES;
				CLANG_WARN_EMPTY_BODY = YES;
				CLANG_WARN_ENUM_CONVERSION = YES;
				CLANG_WARN_INFINITE_RECURSION = YES;
				CLANG_WARN_INT_CONVERSION = YES;
				CLANG_WARN_NON_LITERAL_NULL_CONVERSION = YES;
				CLANG_WARN_OBJC_IMPLICIT_RETAIN_SELF = YES;
				CLANG_WARN_OBJC_LITERAL_CONVERSION = YES;
				CLANG_WARN_OBJC_ROOT_CLASS = YES_ERROR;
				CLANG_WARN_QUOTED_INCLUDE_IN_FRAMEWORK_HEADER = YES;
				CLANG_WARN_RANGE_LOOP_ANALYSIS = YES;
				CLANG_WARN_STRICT_PROTOTYPES = YES;
				CLANG_WARN_SUSPICIOUS_MOVE = YES;
				CLANG_WARN_UNGUARDED_AVAILABILITY = YES_AGGRESSIVE;
				CLANG_WARN_UNREACHABLE_CODE = YES;
				CLANG_WARN__DUPLICATE_METHOD_MATCH = YES;
				CODE_SIGN_IDENTITY = "Mac Developer";
				COPY_PHASE_STRIP = NO;
				DEBUG_INFORMATION_FORMAT = dwarf;
				ENABLE_STRICT_OBJC_MSGSEND = YES;
				ENABLE_TESTABILITY = YES;
				GCC_C_LANGUAGE_STANDARD = gnu11;
				GCC_DYNAMIC_NO_PIC = NO;
				GCC_NO_COMMON_BLOCKS = YES;
				GCC_OPTIMIZATION_LEVEL = 0;
				GCC_PREPROCESSOR_DEFINITIONS = (
					"DEBUG=1",
					"$(inherited)",
				);
				GCC_TREAT_WARNINGS_AS_ERRORS = YES;
				GCC_WARN_64_TO_32_BIT_CONVERSION = YES;
				GCC_WARN_ABOUT_RETURN_TYPE = YES_ERROR;
				GCC_WARN_UNDECLARED_SELECTOR = YES;
				GCC_WARN_UNINITIALIZED_AUTOS = YES_AGGRESSIVE;
				GCC_WARN_UNUSED_FUNCTION = YES;
				GCC_WARN_UNUSED_VARIABLE = YES;
				MACOSX_DEPLOYMENT_TARGET = 10.14;
				MTL_ENABLE_DEBUG_INFO = INCLUDE_SOURCE;
				MTL_FAST_MATH = YES;
				ONLY_ACTIVE_ARCH = YES;
				SDKROOT = macosx;
				SWIFT_ACTIVE_COMPILATION_CONDITIONS = DEBUG;
				SWIFT_OPTIMIZATION_LEVEL = "-Onone";
				SWIFT_TREAT_WARNINGS_AS_ERRORS = YES;
			};
			name = Debug;
		};
		D4D3305E22441A8E003F9CC6 /* Release */ = {
			isa = XCBuildConfiguration;
			baseConfigurationReference = D40668B2249567C400A092BE /* Warnings.xcconfig */;
			buildSettings = {
				ALWAYS_EMBED_SWIFT_STANDARD_LIBRARIES = YES;
				ALWAYS_SEARCH_USER_PATHS = NO;
				CLANG_ANALYZER_NONNULL = YES;
				CLANG_ANALYZER_NUMBER_OBJECT_CONVERSION = YES_AGGRESSIVE;
				CLANG_CXX_LANGUAGE_STANDARD = "gnu++14";
				CLANG_CXX_LIBRARY = "libc++";
				CLANG_ENABLE_MODULES = YES;
				CLANG_ENABLE_OBJC_ARC = YES;
				CLANG_ENABLE_OBJC_WEAK = YES;
				CLANG_WARN_BLOCK_CAPTURE_AUTORELEASING = YES;
				CLANG_WARN_BOOL_CONVERSION = YES;
				CLANG_WARN_COMMA = YES;
				CLANG_WARN_CONSTANT_CONVERSION = YES;
				CLANG_WARN_DEPRECATED_OBJC_IMPLEMENTATIONS = YES;
				CLANG_WARN_DIRECT_OBJC_ISA_USAGE = YES_ERROR;
				CLANG_WARN_DOCUMENTATION_COMMENTS = YES;
				CLANG_WARN_EMPTY_BODY = YES;
				CLANG_WARN_ENUM_CONVERSION = YES;
				CLANG_WARN_INFINITE_RECURSION = YES;
				CLANG_WARN_INT_CONVERSION = YES;
				CLANG_WARN_NON_LITERAL_NULL_CONVERSION = YES;
				CLANG_WARN_OBJC_IMPLICIT_RETAIN_SELF = YES;
				CLANG_WARN_OBJC_LITERAL_CONVERSION = YES;
				CLANG_WARN_OBJC_ROOT_CLASS = YES_ERROR;
				CLANG_WARN_QUOTED_INCLUDE_IN_FRAMEWORK_HEADER = YES;
				CLANG_WARN_RANGE_LOOP_ANALYSIS = YES;
				CLANG_WARN_STRICT_PROTOTYPES = YES;
				CLANG_WARN_SUSPICIOUS_MOVE = YES;
				CLANG_WARN_UNGUARDED_AVAILABILITY = YES_AGGRESSIVE;
				CLANG_WARN_UNREACHABLE_CODE = YES;
				CLANG_WARN__DUPLICATE_METHOD_MATCH = YES;
				CODE_SIGN_IDENTITY = "Mac Developer";
				COPY_PHASE_STRIP = NO;
				DEBUG_INFORMATION_FORMAT = "dwarf-with-dsym";
				ENABLE_NS_ASSERTIONS = NO;
				ENABLE_STRICT_OBJC_MSGSEND = YES;
				GCC_C_LANGUAGE_STANDARD = gnu11;
				GCC_NO_COMMON_BLOCKS = YES;
				GCC_TREAT_WARNINGS_AS_ERRORS = YES;
				GCC_WARN_64_TO_32_BIT_CONVERSION = YES;
				GCC_WARN_ABOUT_RETURN_TYPE = YES_ERROR;
				GCC_WARN_UNDECLARED_SELECTOR = YES;
				GCC_WARN_UNINITIALIZED_AUTOS = YES_AGGRESSIVE;
				GCC_WARN_UNUSED_FUNCTION = YES;
				GCC_WARN_UNUSED_VARIABLE = YES;
				MACOSX_DEPLOYMENT_TARGET = 10.14;
				MTL_ENABLE_DEBUG_INFO = NO;
				MTL_FAST_MATH = YES;
				SDKROOT = macosx;
				SWIFT_COMPILATION_MODE = wholemodule;
				SWIFT_OPTIMIZATION_LEVEL = "-O";
				SWIFT_TREAT_WARNINGS_AS_ERRORS = YES;
			};
			name = Release;
		};
		D4D3306022441A8E003F9CC6 /* Debug */ = {
			isa = XCBuildConfiguration;
			buildSettings = {
				ALWAYS_EMBED_SWIFT_STANDARD_LIBRARIES = NO;
				CODE_SIGN_IDENTITY = "Mac Developer";
				CODE_SIGN_STYLE = Automatic;
				CURRENT_PROJECT_VERSION = 0;
				DEVELOPMENT_TEAM = KSAUGZFWP2;
				ENABLE_HARDENED_RUNTIME = YES;
				INFOPLIST_FILE = "$(SRCROOT)/Tests/Info.plist";
				MARKETING_VERSION = 1.2.2;
				PRODUCT_NAME = "$(TARGET_NAME)";
				PROVISIONING_PROFILE_SPECIFIER = "";
				SWIFT_VERSION = 5.0;
			};
			name = Debug;
		};
		D4D3306122441A8E003F9CC6 /* Release */ = {
			isa = XCBuildConfiguration;
			buildSettings = {
				ALWAYS_EMBED_SWIFT_STANDARD_LIBRARIES = NO;
				CODE_SIGN_IDENTITY = "Mac Developer";
				CODE_SIGN_STYLE = Automatic;
				CURRENT_PROJECT_VERSION = 0;
				DEVELOPMENT_TEAM = KSAUGZFWP2;
				ENABLE_HARDENED_RUNTIME = YES;
				INFOPLIST_FILE = "$(SRCROOT)/Tests/Info.plist";
				MARKETING_VERSION = 1.2.2;
				PRODUCT_NAME = "$(TARGET_NAME)";
				PROVISIONING_PROFILE_SPECIFIER = "";
				SWIFT_VERSION = 5.0;
			};
			name = Release;
		};
		D4D3306C22441AB8003F9CC6 /* Debug */ = {
			isa = XCBuildConfiguration;
			buildSettings = {
				ALWAYS_EMBED_SWIFT_STANDARD_LIBRARIES = NO;
				CODE_SIGN_STYLE = Automatic;
				COMBINE_HIDPI_IMAGES = YES;
				DEVELOPMENT_TEAM = KSAUGZFWP2;
				INFOPLIST_FILE = Tests/Info.plist;
				LD_RUNPATH_SEARCH_PATHS = (
					"$(inherited)",
					"@executable_path/../Frameworks",
					"@loader_path/../Frameworks",
					"@executable_path/Frameworks",
				);
				NEW_SETTING = "";
				PRODUCT_BUNDLE_IDENTIFIER = "com.riftvalleysoftware.RVS-ParseXMLDurationTests";
				PRODUCT_NAME = "$(TARGET_NAME)";
				SWIFT_VERSION = 5.0;
			};
			name = Debug;
		};
		D4D3306D22441AB8003F9CC6 /* Release */ = {
			isa = XCBuildConfiguration;
			buildSettings = {
				ALWAYS_EMBED_SWIFT_STANDARD_LIBRARIES = NO;
				CODE_SIGN_STYLE = Automatic;
				COMBINE_HIDPI_IMAGES = YES;
				DEVELOPMENT_TEAM = KSAUGZFWP2;
				INFOPLIST_FILE = Tests/Info.plist;
				LD_RUNPATH_SEARCH_PATHS = (
					"$(inherited)",
					"@executable_path/../Frameworks",
					"@loader_path/../Frameworks",
					"@executable_path/Frameworks",
				);
				NEW_SETTING = "";
				PRODUCT_BUNDLE_IDENTIFIER = "com.riftvalleysoftware.RVS-ParseXMLDurationTests";
				PRODUCT_NAME = "$(TARGET_NAME)";
				SWIFT_VERSION = 5.0;
			};
			name = Release;
		};
/* End XCBuildConfiguration section */

/* Begin XCConfigurationList section */
		D4D3305322441A8E003F9CC6 /* Build configuration list for PBXProject "RVS_ParseXMLDuration" */ = {
			isa = XCConfigurationList;
			buildConfigurations = (
				D4D3305D22441A8E003F9CC6 /* Debug */,
				D4D3305E22441A8E003F9CC6 /* Release */,
			);
			defaultConfigurationIsVisible = 0;
			defaultConfigurationName = Release;
		};
		D4D3305F22441A8E003F9CC6 /* Build configuration list for PBXNativeTarget "RVS_ParseXMLDuration" */ = {
			isa = XCConfigurationList;
			buildConfigurations = (
				D4D3306022441A8E003F9CC6 /* Debug */,
				D4D3306122441A8E003F9CC6 /* Release */,
			);
			defaultConfigurationIsVisible = 0;
			defaultConfigurationName = Release;
		};
		D4D3306B22441AB8003F9CC6 /* Build configuration list for PBXNativeTarget "RVS_ParseXMLDurationTests" */ = {
			isa = XCConfigurationList;
			buildConfigurations = (
				D4D3306C22441AB8003F9CC6 /* Debug */,
				D4D3306D22441AB8003F9CC6 /* Release */,
			);
			defaultConfigurationIsVisible = 0;
			defaultConfigurationName = Release;
		};
/* End XCConfigurationList section */
	};
	rootObject = D4D3305022441A8E003F9CC6 /* Project object */;
}
