// !$*UTF8*$!
{
	archiveVersion = 1;
	classes = {
	};
	objectVersion = 55;
	objects = {

/* Begin PBXBuildFile section */
		D42EAA7C2885E0B7009CA9BF /* libRVS_ParseXMLDuration.a in Frameworks */ = {isa = PBXBuildFile; fileRef = D42EAA6B2885E09D009CA9BF /* libRVS_ParseXMLDuration.a */; };
		D42EAA822885E0DC009CA9BF /* RVS_ParseXMLDuration.swift in Sources */ = {isa = PBXBuildFile; fileRef = D4D3306F22441B56003F9CC6 /* RVS_ParseXMLDuration.swift */; };
		D42EAA832885E0E0009CA9BF /* RVS_ParseXMLDurationTests.swift in Sources */ = {isa = PBXBuildFile; fileRef = D4D3306822441AB8003F9CC6 /* RVS_ParseXMLDurationTests.swift */; };
/* End PBXBuildFile section */

/* Begin PBXContainerItemProxy section */
		D42EAA7D2885E0B7009CA9BF /* PBXContainerItemProxy */ = {
			isa = PBXContainerItemProxy;
			containerPortal = D4D3305022441A8E003F9CC6 /* Project object */;
			proxyType = 1;
			remoteGlobalIDString = D42EAA6A2885E09D009CA9BF;
			remoteInfo = RVS_ParseXMLDuration;
		};
/* End PBXContainerItemProxy section */

/* Begin PBXFileReference section */
		D406622427A435540067C0C2 /* RVS_ParseXMLDuration.docc */ = {isa = PBXFileReference; lastKnownFileType = folder.documentationcatalog; path = RVS_ParseXMLDuration.docc; sourceTree = "<group>"; };
		D40668B2249567C400A092BE /* Warnings.xcconfig */ = {isa = PBXFileReference; fileEncoding = 4; lastKnownFileType = text.xcconfig; name = Warnings.xcconfig; path = "Project-Meta/Warnings.xcconfig"; sourceTree = "<group>"; };
		D42EAA6B2885E09D009CA9BF /* libRVS_ParseXMLDuration.a */ = {isa = PBXFileReference; explicitFileType = archive.ar; includeInIndex = 0; path = libRVS_ParseXMLDuration.a; sourceTree = BUILT_PRODUCTS_DIR; };
		D42EAA782885E0B7009CA9BF /* RVS_ParseXMLDurationTests.xctest */ = {isa = PBXFileReference; explicitFileType = wrapper.cfbundle; includeInIndex = 0; path = RVS_ParseXMLDurationTests.xctest; sourceTree = BUILT_PRODUCTS_DIR; };
		D4D3305B22441A8E003F9CC6 /* main.swift */ = {isa = PBXFileReference; lastKnownFileType = sourcecode.swift; path = main.swift; sourceTree = "<group>"; };
		D4D3306822441AB8003F9CC6 /* RVS_ParseXMLDurationTests.swift */ = {isa = PBXFileReference; lastKnownFileType = sourcecode.swift; path = RVS_ParseXMLDurationTests.swift; sourceTree = "<group>"; };
		D4D3306A22441AB8003F9CC6 /* Info.plist */ = {isa = PBXFileReference; lastKnownFileType = text.plist.xml; path = Info.plist; sourceTree = "<group>"; };
		D4D3306F22441B56003F9CC6 /* RVS_ParseXMLDuration.swift */ = {isa = PBXFileReference; fileEncoding = 4; lastKnownFileType = sourcecode.swift; path = RVS_ParseXMLDuration.swift; sourceTree = "<group>"; };
/* End PBXFileReference section */

/* Begin PBXFrameworksBuildPhase section */
		D42EAA692885E09D009CA9BF /* Frameworks */ = {
			isa = PBXFrameworksBuildPhase;
			buildActionMask = 2147483647;
			files = (
			);
			runOnlyForDeploymentPostprocessing = 0;
		};
		D42EAA752885E0B7009CA9BF /* Frameworks */ = {
			isa = PBXFrameworksBuildPhase;
			buildActionMask = 2147483647;
			files = (
				D42EAA7C2885E0B7009CA9BF /* libRVS_ParseXMLDuration.a in Frameworks */,
			);
			runOnlyForDeploymentPostprocessing = 0;
		};
/* End PBXFrameworksBuildPhase section */

/* Begin PBXGroup section */
		D40668B1249567B700A092BE /* meta */ = {
			isa = PBXGroup;
			children = (
				D40668B2249567C400A092BE /* Warnings.xcconfig */,
			);
			name = meta;
			sourceTree = "<group>";
		};
		D4B23B5E24D59AC300CA7AD8 /* Sources */ = {
			isa = PBXGroup;
			children = (
				D4D3305A22441A8E003F9CC6 /* RVS_ParseXMLDuration */,
			);
			path = Sources;
			sourceTree = "<group>";
		};
		D4B23B5F24D59ACE00CA7AD8 /* Tests */ = {
			isa = PBXGroup;
			children = (
				D4D3305B22441A8E003F9CC6 /* main.swift */,
				D4D3306A22441AB8003F9CC6 /* Info.plist */,
				D4D3306722441AB8003F9CC6 /* RVS_ParseXMLDurationTests */,
			);
			path = Tests;
			sourceTree = "<group>";
		};
		D4D3304F22441A8E003F9CC6 = {
			isa = PBXGroup;
			children = (
				D4B23B5E24D59AC300CA7AD8 /* Sources */,
				D4B23B5F24D59ACE00CA7AD8 /* Tests */,
				D40668B1249567B700A092BE /* meta */,
				D4D3305922441A8E003F9CC6 /* Products */,
			);
			sourceTree = "<group>";
		};
		D4D3305922441A8E003F9CC6 /* Products */ = {
			isa = PBXGroup;
			children = (
				D42EAA6B2885E09D009CA9BF /* libRVS_ParseXMLDuration.a */,
				D42EAA782885E0B7009CA9BF /* RVS_ParseXMLDurationTests.xctest */,
			);
			name = Products;
			sourceTree = "<group>";
		};
		D4D3305A22441A8E003F9CC6 /* RVS_ParseXMLDuration */ = {
			isa = PBXGroup;
			children = (
				D4D3306F22441B56003F9CC6 /* RVS_ParseXMLDuration.swift */,
				D406622427A435540067C0C2 /* RVS_ParseXMLDuration.docc */,
			);
			path = RVS_ParseXMLDuration;
			sourceTree = "<group>";
		};
		D4D3306722441AB8003F9CC6 /* RVS_ParseXMLDurationTests */ = {
			isa = PBXGroup;
			children = (
				D4D3306822441AB8003F9CC6 /* RVS_ParseXMLDurationTests.swift */,
			);
			path = RVS_ParseXMLDurationTests;
			sourceTree = "<group>";
		};
/* End PBXGroup section */

/* Begin PBXHeadersBuildPhase section */
		D42EAA672885E09D009CA9BF /* Headers */ = {
			isa = PBXHeadersBuildPhase;
			buildActionMask = 2147483647;
			files = (
			);
			runOnlyForDeploymentPostprocessing = 0;
		};
/* End PBXHeadersBuildPhase section */

/* Begin PBXNativeTarget section */
		D42EAA6A2885E09D009CA9BF /* RVS_ParseXMLDuration */ = {
			isa = PBXNativeTarget;
			buildConfigurationList = D42EAA712885E09D009CA9BF /* Build configuration list for PBXNativeTarget "RVS_ParseXMLDuration" */;
			buildPhases = (
				D42EAA672885E09D009CA9BF /* Headers */,
				D42EAA682885E09D009CA9BF /* Sources */,
				D42EAA692885E09D009CA9BF /* Frameworks */,
			);
			buildRules = (
			);
			dependencies = (
			);
			name = RVS_ParseXMLDuration;
			productName = RVS_ParseXMLDuration;
			productReference = D42EAA6B2885E09D009CA9BF /* libRVS_ParseXMLDuration.a */;
			productType = "com.apple.product-type.library.static";
		};
		D42EAA772885E0B7009CA9BF /* RVS_ParseXMLDurationTests */ = {
			isa = PBXNativeTarget;
			buildConfigurationList = D42EAA7F2885E0B7009CA9BF /* Build configuration list for PBXNativeTarget "RVS_ParseXMLDurationTests" */;
			buildPhases = (
				D42EAA742885E0B7009CA9BF /* Sources */,
				D42EAA752885E0B7009CA9BF /* Frameworks */,
				D42EAA762885E0B7009CA9BF /* Resources */,
			);
			buildRules = (
			);
			dependencies = (
				D42EAA7E2885E0B7009CA9BF /* PBXTargetDependency */,
			);
			name = RVS_ParseXMLDurationTests;
			productName = RVS_ParseXMLDurationTests;
			productReference = D42EAA782885E0B7009CA9BF /* RVS_ParseXMLDurationTests.xctest */;
			productType = "com.apple.product-type.bundle.unit-test";
		};
/* End PBXNativeTarget section */

/* Begin PBXProject section */
		D4D3305022441A8E003F9CC6 /* Project object */ = {
			isa = PBXProject;
			attributes = {
				LastSwiftUpdateCheck = 1340;
				LastUpgradeCheck = 1340;
				ORGANIZATIONNAME = "The Great Rift Valley Software Company";
				TargetAttributes = {
					D42EAA6A2885E09D009CA9BF = {
						CreatedOnToolsVersion = 13.4.1;
					};
					D42EAA772885E0B7009CA9BF = {
						CreatedOnToolsVersion = 13.4.1;
					};
				};
			};
			buildConfigurationList = D4D3305322441A8E003F9CC6 /* Build configuration list for PBXProject "RVS_ParseXMLDuration" */;
			compatibilityVersion = "Xcode 13.0";
			developmentRegion = en;
			hasScannedForEncodings = 0;
			knownRegions = (
				en,
				Base,
			);
			mainGroup = D4D3304F22441A8E003F9CC6;
			packageReferences = (
			);
			productRefGroup = D4D3305922441A8E003F9CC6 /* Products */;
			projectDirPath = "";
			projectRoot = "";
			targets = (
				D42EAA6A2885E09D009CA9BF /* RVS_ParseXMLDuration */,
				D42EAA772885E0B7009CA9BF /* RVS_ParseXMLDurationTests */,
			);
		};
/* End PBXProject section */

/* Begin PBXResourcesBuildPhase section */
		D42EAA762885E0B7009CA9BF /* Resources */ = {
			isa = PBXResourcesBuildPhase;
			buildActionMask = 2147483647;
			files = (
			);
			runOnlyForDeploymentPostprocessing = 0;
		};
/* End PBXResourcesBuildPhase section */

/* Begin PBXSourcesBuildPhase section */
		D42EAA682885E09D009CA9BF /* Sources */ = {
			isa = PBXSourcesBuildPhase;
			buildActionMask = 2147483647;
			files = (
				D42EAA822885E0DC009CA9BF /* RVS_ParseXMLDuration.swift in Sources */,
			);
			runOnlyForDeploymentPostprocessing = 0;
		};
		D42EAA742885E0B7009CA9BF /* Sources */ = {
			isa = PBXSourcesBuildPhase;
			buildActionMask = 2147483647;
			files = (
				D42EAA832885E0E0009CA9BF /* RVS_ParseXMLDurationTests.swift in Sources */,
			);
			runOnlyForDeploymentPostprocessing = 0;
		};
/* End PBXSourcesBuildPhase section */

/* Begin PBXTargetDependency section */
		D42EAA7E2885E0B7009CA9BF /* PBXTargetDependency */ = {
			isa = PBXTargetDependency;
			target = D42EAA6A2885E09D009CA9BF /* RVS_ParseXMLDuration */;
			targetProxy = D42EAA7D2885E0B7009CA9BF /* PBXContainerItemProxy */;
		};
/* End PBXTargetDependency section */

/* Begin XCBuildConfiguration section */
		D42EAA722885E09D009CA9BF /* Debug */ = {
			isa = XCBuildConfiguration;
			buildSettings = {
				ALWAYS_EMBED_SWIFT_STANDARD_LIBRARIES = NO;
				CLANG_CXX_LANGUAGE_STANDARD = "gnu++17";
				CODE_SIGN_STYLE = Automatic;
				DEVELOPMENT_TEAM = KSAUGZFWP2;
				EXECUTABLE_PREFIX = lib;
				MACOSX_DEPLOYMENT_TARGET = 12.3;
				PRODUCT_NAME = "$(TARGET_NAME)";
				SKIP_INSTALL = YES;
			};
			name = Debug;
		};
		D42EAA732885E09D009CA9BF /* Release */ = {
			isa = XCBuildConfiguration;
			buildSettings = {
				ALWAYS_EMBED_SWIFT_STANDARD_LIBRARIES = NO;
				CLANG_CXX_LANGUAGE_STANDARD = "gnu++17";
				CODE_SIGN_STYLE = Automatic;
				DEVELOPMENT_TEAM = KSAUGZFWP2;
				EXECUTABLE_PREFIX = lib;
				MACOSX_DEPLOYMENT_TARGET = 12.3;
				PRODUCT_NAME = "$(TARGET_NAME)";
				SKIP_INSTALL = YES;
			};
			name = Release;
		};
		D42EAA802885E0B7009CA9BF /* Debug */ = {
			isa = XCBuildConfiguration;
			buildSettings = {
				ALWAYS_EMBED_SWIFT_STANDARD_LIBRARIES = NO;
				CLANG_CXX_LANGUAGE_STANDARD = "gnu++17";
				CODE_SIGN_STYLE = Automatic;
				CURRENT_PROJECT_VERSION = 1;
				DEVELOPMENT_TEAM = KSAUGZFWP2;
				GENERATE_INFOPLIST_FILE = YES;
				MACOSX_DEPLOYMENT_TARGET = 12.3;
				MARKETING_VERSION = 1.0;
				PRODUCT_BUNDLE_IDENTIFIER = "com.riftvalleysoftware.RVS-ParseXMLDurationTests";
				PRODUCT_NAME = "$(TARGET_NAME)";
				SWIFT_EMIT_LOC_STRINGS = NO;
				SWIFT_VERSION = 5.0;
			};
			name = Debug;
		};
		D42EAA812885E0B7009CA9BF /* Release */ = {
			isa = XCBuildConfiguration;
			buildSettings = {
				ALWAYS_EMBED_SWIFT_STANDARD_LIBRARIES = NO;
				CLANG_CXX_LANGUAGE_STANDARD = "gnu++17";
				CODE_SIGN_STYLE = Automatic;
				CURRENT_PROJECT_VERSION = 1;
				DEVELOPMENT_TEAM = KSAUGZFWP2;
				GENERATE_INFOPLIST_FILE = YES;
				MACOSX_DEPLOYMENT_TARGET = 12.3;
				MARKETING_VERSION = 1.0;
				PRODUCT_BUNDLE_IDENTIFIER = "com.riftvalleysoftware.RVS-ParseXMLDurationTests";
				PRODUCT_NAME = "$(TARGET_NAME)";
				SWIFT_EMIT_LOC_STRINGS = NO;
				SWIFT_VERSION = 5.0;
			};
			name = Release;
		};
		D4D3305D22441A8E003F9CC6 /* Debug */ = {
			isa = XCBuildConfiguration;
			baseConfigurationReference = D40668B2249567C400A092BE /* Warnings.xcconfig */;
			buildSettings = {
				ALWAYS_EMBED_SWIFT_STANDARD_LIBRARIES = YES;
				ALWAYS_SEARCH_USER_PATHS = NO;
				CLANG_ANALYZER_NONNULL = YES;
				CLANG_ANALYZER_NUMBER_OBJECT_CONVERSION = YES_AGGRESSIVE;
				CLANG_CXX_LANGUAGE_STANDARD = "gnu++14";
				CLANG_CXX_LIBRARY = "libc++";
				CLANG_ENABLE_MODULES = YES;
				CLANG_ENABLE_OBJC_ARC = YES;
				CLANG_ENABLE_OBJC_WEAK = YES;
				CLANG_WARN_BLOCK_CAPTURE_AUTORELEASING = YES;
				CLANG_WARN_BOOL_CONVERSION = YES;
				CLANG_WARN_COMMA = YES;
				CLANG_WARN_CONSTANT_CONVERSION = YES;
				CLANG_WARN_DEPRECATED_OBJC_IMPLEMENTATIONS = YES;
				CLANG_WARN_DIRECT_OBJC_ISA_USAGE = YES_ERROR;
				CLANG_WARN_DOCUMENTATION_COMMENTS = YES;
				CLANG_WARN_EMPTY_BODY = YES;
				CLANG_WARN_ENUM_CONVERSION = YES;
				CLANG_WARN_INFINITE_RECURSION = YES;
				CLANG_WARN_INT_CONVERSION = YES;
				CLANG_WARN_NON_LITERAL_NULL_CONVERSION = YES;
				CLANG_WARN_OBJC_IMPLICIT_RETAIN_SELF = YES;
				CLANG_WARN_OBJC_LITERAL_CONVERSION = YES;
				CLANG_WARN_OBJC_ROOT_CLASS = YES_ERROR;
				CLANG_WARN_QUOTED_INCLUDE_IN_FRAMEWORK_HEADER = YES;
				CLANG_WARN_RANGE_LOOP_ANALYSIS = YES;
				CLANG_WARN_STRICT_PROTOTYPES = YES;
				CLANG_WARN_SUSPICIOUS_MOVE = YES;
				CLANG_WARN_UNGUARDED_AVAILABILITY = YES_AGGRESSIVE;
				CLANG_WARN_UNREACHABLE_CODE = YES;
				CLANG_WARN__DUPLICATE_METHOD_MATCH = YES;
				CODE_SIGN_IDENTITY = "Mac Developer";
				COPY_PHASE_STRIP = NO;
				DEBUG_INFORMATION_FORMAT = dwarf;
				ENABLE_STRICT_OBJC_MSGSEND = YES;
				ENABLE_TESTABILITY = YES;
				GCC_C_LANGUAGE_STANDARD = gnu11;
				GCC_DYNAMIC_NO_PIC = NO;
				GCC_NO_COMMON_BLOCKS = YES;
				GCC_OPTIMIZATION_LEVEL = 0;
				GCC_PREPROCESSOR_DEFINITIONS = (
					"DEBUG=1",
					"$(inherited)",
				);
				GCC_TREAT_WARNINGS_AS_ERRORS = YES;
				GCC_WARN_64_TO_32_BIT_CONVERSION = YES;
				GCC_WARN_ABOUT_RETURN_TYPE = YES_ERROR;
				GCC_WARN_UNDECLARED_SELECTOR = YES;
				GCC_WARN_UNINITIALIZED_AUTOS = YES_AGGRESSIVE;
				GCC_WARN_UNUSED_FUNCTION = YES;
				GCC_WARN_UNUSED_VARIABLE = YES;
				MACOSX_DEPLOYMENT_TARGET = 11.0;
				MTL_ENABLE_DEBUG_INFO = INCLUDE_SOURCE;
				MTL_FAST_MATH = YES;
				ONLY_ACTIVE_ARCH = YES;
				SDKROOT = macosx;
				SWIFT_ACTIVE_COMPILATION_CONDITIONS = DEBUG;
				SWIFT_OPTIMIZATION_LEVEL = "-Onone";
				SWIFT_TREAT_WARNINGS_AS_ERRORS = YES;
			};
			name = Debug;
		};
		D4D3305E22441A8E003F9CC6 /* Release */ = {
			isa = XCBuildConfiguration;
			baseConfigurationReference = D40668B2249567C400A092BE /* Warnings.xcconfig */;
			buildSettings = {
				ALWAYS_EMBED_SWIFT_STANDARD_LIBRARIES = YES;
				ALWAYS_SEARCH_USER_PATHS = NO;
				CLANG_ANALYZER_NONNULL = YES;
				CLANG_ANALYZER_NUMBER_OBJECT_CONVERSION = YES_AGGRESSIVE;
				CLANG_CXX_LANGUAGE_STANDARD = "gnu++14";
				CLANG_CXX_LIBRARY = "libc++";
				CLANG_ENABLE_MODULES = YES;
				CLANG_ENABLE_OBJC_ARC = YES;
				CLANG_ENABLE_OBJC_WEAK = YES;
				CLANG_WARN_BLOCK_CAPTURE_AUTORELEASING = YES;
				CLANG_WARN_BOOL_CONVERSION = YES;
				CLANG_WARN_COMMA = YES;
				CLANG_WARN_CONSTANT_CONVERSION = YES;
				CLANG_WARN_DEPRECATED_OBJC_IMPLEMENTATIONS = YES;
				CLANG_WARN_DIRECT_OBJC_ISA_USAGE = YES_ERROR;
				CLANG_WARN_DOCUMENTATION_COMMENTS = YES;
				CLANG_WARN_EMPTY_BODY = YES;
				CLANG_WARN_ENUM_CONVERSION = YES;
				CLANG_WARN_INFINITE_RECURSION = YES;
				CLANG_WARN_INT_CONVERSION = YES;
				CLANG_WARN_NON_LITERAL_NULL_CONVERSION = YES;
				CLANG_WARN_OBJC_IMPLICIT_RETAIN_SELF = YES;
				CLANG_WARN_OBJC_LITERAL_CONVERSION = YES;
				CLANG_WARN_OBJC_ROOT_CLASS = YES_ERROR;
				CLANG_WARN_QUOTED_INCLUDE_IN_FRAMEWORK_HEADER = YES;
				CLANG_WARN_RANGE_LOOP_ANALYSIS = YES;
				CLANG_WARN_STRICT_PROTOTYPES = YES;
				CLANG_WARN_SUSPICIOUS_MOVE = YES;
				CLANG_WARN_UNGUARDED_AVAILABILITY = YES_AGGRESSIVE;
				CLANG_WARN_UNREACHABLE_CODE = YES;
				CLANG_WARN__DUPLICATE_METHOD_MATCH = YES;
				CODE_SIGN_IDENTITY = "Mac Developer";
				COPY_PHASE_STRIP = NO;
				DEBUG_INFORMATION_FORMAT = "dwarf-with-dsym";
				ENABLE_NS_ASSERTIONS = NO;
				ENABLE_STRICT_OBJC_MSGSEND = YES;
				GCC_C_LANGUAGE_STANDARD = gnu11;
				GCC_NO_COMMON_BLOCKS = YES;
				GCC_TREAT_WARNINGS_AS_ERRORS = YES;
				GCC_WARN_64_TO_32_BIT_CONVERSION = YES;
				GCC_WARN_ABOUT_RETURN_TYPE = YES_ERROR;
				GCC_WARN_UNDECLARED_SELECTOR = YES;
				GCC_WARN_UNINITIALIZED_AUTOS = YES_AGGRESSIVE;
				GCC_WARN_UNUSED_FUNCTION = YES;
				GCC_WARN_UNUSED_VARIABLE = YES;
				MACOSX_DEPLOYMENT_TARGET = 11.0;
				MTL_ENABLE_DEBUG_INFO = NO;
				MTL_FAST_MATH = YES;
				SDKROOT = macosx;
				SWIFT_COMPILATION_MODE = wholemodule;
				SWIFT_OPTIMIZATION_LEVEL = "-O";
				SWIFT_TREAT_WARNINGS_AS_ERRORS = YES;
			};
			name = Release;
		};
/* End XCBuildConfiguration section */

/* Begin XCConfigurationList section */
		D42EAA712885E09D009CA9BF /* Build configuration list for PBXNativeTarget "RVS_ParseXMLDuration" */ = {
			isa = XCConfigurationList;
			buildConfigurations = (
				D42EAA722885E09D009CA9BF /* Debug */,
				D42EAA732885E09D009CA9BF /* Release */,
			);
			defaultConfigurationIsVisible = 0;
			defaultConfigurationName = Release;
		};
		D42EAA7F2885E0B7009CA9BF /* Build configuration list for PBXNativeTarget "RVS_ParseXMLDurationTests" */ = {
			isa = XCConfigurationList;
			buildConfigurations = (
				D42EAA802885E0B7009CA9BF /* Debug */,
				D42EAA812885E0B7009CA9BF /* Release */,
			);
			defaultConfigurationIsVisible = 0;
			defaultConfigurationName = Release;
		};
		D4D3305322441A8E003F9CC6 /* Build configuration list for PBXProject "RVS_ParseXMLDuration" */ = {
			isa = XCConfigurationList;
			buildConfigurations = (
				D4D3305D22441A8E003F9CC6 /* Debug */,
				D4D3305E22441A8E003F9CC6 /* Release */,
			);
			defaultConfigurationIsVisible = 0;
			defaultConfigurationName = Release;
		};
/* End XCConfigurationList section */
	};
	rootObject = D4D3305022441A8E003F9CC6 /* Project object */;
}
